<Solution>
  <Folder Name="/Api/">
    <Project Path="backend/Auth.API/Auth.API.csproj" />
  </Folder>
  <Folder Name="/Core/">
    <Project Path="backend/Core/AmarEServir.Core.csproj" />
  </Folder>
  <Folder Name="/Solution Items/">
    <File Path=".editorconfig" />
  </Folder>
  <Folder Name="/Testes/">
    <Project Path="tests/AmarEServir.UnitTests/AmarEServir.UnitTests.csproj" Id="ce62dfa5-0ef0-471f-8277-4c42346d1528" />
  </Folder>
</Solution>
